
Microsoft Visual Studio Solution File, Format Version 12.00
# Visual Studio 15
VisualStudioVersion = 15.0.34526.175
MinimumVisualStudioVersion = 10.0.40219.1
Project("{8BC9CEB8-8B4A-11D0-8D11-00A0C91BC942}") = "de1", "vs_GIAI-DE\vs_GIAI-DE.vcxproj", "{589DEF4F-3B00-4417-A4B3-6ABF3A22297A}"
EndProject
Project("{8BC9CEB8-8B4A-11D0-8D11-00A0C91BC942}") = "de2", "de2\de2.vcxproj", "{86DABE06-33E6-42ED-AD1B-8FDB44A59202}"
EndProject
Project("{8BC9CEB8-8B4A-11D0-8D11-00A0C91BC942}") = "de3", "de3\de3.vcxproj", "{6ACFD166-158D-4B59-98BA-31DD69C32A53}"
EndProject
Project("{8BC9CEB8-8B4A-11D0-8D11-00A0C91BC942}") = "de5", "de5\de5.vcxproj", "{29900B3C-89A4-4903-9964-EA7F9FD48E2F}"
EndProject
Project("{8BC9CEB8-8B4A-11D0-8D11-00A0C91BC942}") = "de6", "de6\de6.vcxproj", "{7DBCB504-1AB2-41E7-94BA-24F7DF9779EC}"
EndProject
Project("{8BC9CEB8-8B4A-11D0-8D11-00A0C91BC942}") = "de4", "de4\de4.vcxproj", "{55CE9DDC-852D-4707-9591-F29CF773FC60}"
EndProject
Project("{8BC9CEB8-8B4A-11D0-8D11-00A0C91BC942}") = "de7", "de7\de7.vcxproj", "{D20AFD75-E639-4ADD-B7B2-2AA273D5B41C}"
EndProject
Project("{8BC9CEB8-8B4A-11D0-8D11-00A0C91BC942}") = "de8", "d8\d8.vcxproj", "{731C4B3D-CC6C-4494-80CD-F7D221D5A520}"
EndProject
Project("{8BC9CEB8-8B4A-11D0-8D11-00A0C91BC942}") = "de9", "de9\de9.vcxproj", "{62BDEAF7-30EB-4B0C-9A18-DC75440389F8}"
EndProject
Project("{8BC9CEB8-8B4A-11D0-8D11-00A0C91BC942}") = "de10", "ConsoleApplic10ation1\ConsoleApplic10ation1.vcxproj", "{6C1867C1-B7E2-4B10-BB39-9F3A2B91078C}"
EndProject
Project("{8BC9CEB8-8B4A-11D0-8D11-00A0C91BC942}") = "de11", "de11\de11.vcxproj", "{D190C11B-8C7B-46AB-9367-8D77E465C349}"
EndProject
Project("{8BC9CEB8-8B4A-11D0-8D11-00A0C91BC942}") = "de14", "de14\de14.vcxproj", "{DD1BB261-D9A9-426F-B61D-0D4507435EBB}"
EndProject
Project("{8BC9CEB8-8B4A-11D0-8D11-00A0C91BC942}") = "test", "test\test.vcxproj", "{6373C2BB-142C-45EF-A4AA-41CCED9F38D0}"
EndProject
Project("{8BC9CEB8-8B4A-11D0-8D11-00A0C91BC942}") = "try", "try\try.vcxproj", "{C9AC49FF-4865-4720-B6EE-A674C54ECB43}"
EndProject
Global
	GlobalSection(SolutionConfigurationPlatforms) = preSolution
		Debug|x64 = Debug|x64
		Debug|x86 = Debug|x86
		Release|x64 = Release|x64
		Release|x86 = Release|x86
	EndGlobalSection
	GlobalSection(ProjectConfigurationPlatforms) = postSolution
		{589DEF4F-3B00-4417-A4B3-6ABF3A22297A}.Debug|x64.ActiveCfg = Debug|x64
		{589DEF4F-3B00-4417-A4B3-6ABF3A22297A}.Debug|x64.Build.0 = Debug|x64
		{589DEF4F-3B00-4417-A4B3-6ABF3A22297A}.Debug|x86.ActiveCfg = Debug|Win32
		{589DEF4F-3B00-4417-A4B3-6ABF3A22297A}.Debug|x86.Build.0 = Debug|Win32
		{589DEF4F-3B00-4417-A4B3-6ABF3A22297A}.Release|x64.ActiveCfg = Release|x64
		{589DEF4F-3B00-4417-A4B3-6ABF3A22297A}.Release|x64.Build.0 = Release|x64
		{589DEF4F-3B00-4417-A4B3-6ABF3A22297A}.Release|x86.ActiveCfg = Release|Win32
		{589DEF4F-3B00-4417-A4B3-6ABF3A22297A}.Release|x86.Build.0 = Release|Win32
		{86DABE06-33E6-42ED-AD1B-8FDB44A59202}.Debug|x64.ActiveCfg = Debug|x64
		{86DABE06-33E6-42ED-AD1B-8FDB44A59202}.Debug|x64.Build.0 = Debug|x64
		{86DABE06-33E6-42ED-AD1B-8FDB44A59202}.Debug|x86.ActiveCfg = Debug|Win32
		{86DABE06-33E6-42ED-AD1B-8FDB44A59202}.Debug|x86.Build.0 = Debug|Win32
		{86DABE06-33E6-42ED-AD1B-8FDB44A59202}.Release|x64.ActiveCfg = Release|x64
		{86DABE06-33E6-42ED-AD1B-8FDB44A59202}.Release|x64.Build.0 = Release|x64
		{86DABE06-33E6-42ED-AD1B-8FDB44A59202}.Release|x86.ActiveCfg = Release|Win32
		{86DABE06-33E6-42ED-AD1B-8FDB44A59202}.Release|x86.Build.0 = Release|Win32
		{6ACFD166-158D-4B59-98BA-31DD69C32A53}.Debug|x64.ActiveCfg = Debug|x64
		{6ACFD166-158D-4B59-98BA-31DD69C32A53}.Debug|x64.Build.0 = Debug|x64
		{6ACFD166-158D-4B59-98BA-31DD69C32A53}.Debug|x86.ActiveCfg = Debug|Win32
		{6ACFD166-158D-4B59-98BA-31DD69C32A53}.Debug|x86.Build.0 = Debug|Win32
		{6ACFD166-158D-4B59-98BA-31DD69C32A53}.Release|x64.ActiveCfg = Release|x64
		{6ACFD166-158D-4B59-98BA-31DD69C32A53}.Release|x64.Build.0 = Release|x64
		{6ACFD166-158D-4B59-98BA-31DD69C32A53}.Release|x86.ActiveCfg = Release|Win32
		{6ACFD166-158D-4B59-98BA-31DD69C32A53}.Release|x86.Build.0 = Release|Win32
		{29900B3C-89A4-4903-9964-EA7F9FD48E2F}.Debug|x64.ActiveCfg = Debug|x64
		{29900B3C-89A4-4903-9964-EA7F9FD48E2F}.Debug|x64.Build.0 = Debug|x64
		{29900B3C-89A4-4903-9964-EA7F9FD48E2F}.Debug|x86.ActiveCfg = Debug|Win32
		{29900B3C-89A4-4903-9964-EA7F9FD48E2F}.Debug|x86.Build.0 = Debug|Win32
		{29900B3C-89A4-4903-9964-EA7F9FD48E2F}.Release|x64.ActiveCfg = Release|x64
		{29900B3C-89A4-4903-9964-EA7F9FD48E2F}.Release|x64.Build.0 = Release|x64
		{29900B3C-89A4-4903-9964-EA7F9FD48E2F}.Release|x86.ActiveCfg = Release|Win32
		{29900B3C-89A4-4903-9964-EA7F9FD48E2F}.Release|x86.Build.0 = Release|Win32
		{7DBCB504-1AB2-41E7-94BA-24F7DF9779EC}.Debug|x64.ActiveCfg = Debug|x64
		{7DBCB504-1AB2-41E7-94BA-24F7DF9779EC}.Debug|x64.Build.0 = Debug|x64
		{7DBCB504-1AB2-41E7-94BA-24F7DF9779EC}.Debug|x86.ActiveCfg = Debug|Win32
		{7DBCB504-1AB2-41E7-94BA-24F7DF9779EC}.Debug|x86.Build.0 = Debug|Win32
		{7DBCB504-1AB2-41E7-94BA-24F7DF9779EC}.Release|x64.ActiveCfg = Release|x64
		{7DBCB504-1AB2-41E7-94BA-24F7DF9779EC}.Release|x64.Build.0 = Release|x64
		{7DBCB504-1AB2-41E7-94BA-24F7DF9779EC}.Release|x86.ActiveCfg = Release|Win32
		{7DBCB504-1AB2-41E7-94BA-24F7DF9779EC}.Release|x86.Build.0 = Release|Win32
		{55CE9DDC-852D-4707-9591-F29CF773FC60}.Debug|x64.ActiveCfg = Debug|x64
		{55CE9DDC-852D-4707-9591-F29CF773FC60}.Debug|x64.Build.0 = Debug|x64
		{55CE9DDC-852D-4707-9591-F29CF773FC60}.Debug|x86.ActiveCfg = Debug|Win32
		{55CE9DDC-852D-4707-9591-F29CF773FC60}.Debug|x86.Build.0 = Debug|Win32
		{55CE9DDC-852D-4707-9591-F29CF773FC60}.Release|x64.ActiveCfg = Release|x64
		{55CE9DDC-852D-4707-9591-F29CF773FC60}.Release|x64.Build.0 = Release|x64
		{55CE9DDC-852D-4707-9591-F29CF773FC60}.Release|x86.ActiveCfg = Release|Win32
		{55CE9DDC-852D-4707-9591-F29CF773FC60}.Release|x86.Build.0 = Release|Win32
		{D20AFD75-E639-4ADD-B7B2-2AA273D5B41C}.Debug|x64.ActiveCfg = Debug|x64
		{D20AFD75-E639-4ADD-B7B2-2AA273D5B41C}.Debug|x64.Build.0 = Debug|x64
		{D20AFD75-E639-4ADD-B7B2-2AA273D5B41C}.Debug|x86.ActiveCfg = Debug|Win32
		{D20AFD75-E639-4ADD-B7B2-2AA273D5B41C}.Debug|x86.Build.0 = Debug|Win32
		{D20AFD75-E639-4ADD-B7B2-2AA273D5B41C}.Release|x64.ActiveCfg = Release|x64
		{D20AFD75-E639-4ADD-B7B2-2AA273D5B41C}.Release|x64.Build.0 = Release|x64
		{D20AFD75-E639-4ADD-B7B2-2AA273D5B41C}.Release|x86.ActiveCfg = Release|Win32
		{D20AFD75-E639-4ADD-B7B2-2AA273D5B41C}.Release|x86.Build.0 = Release|Win32
		{731C4B3D-CC6C-4494-80CD-F7D221D5A520}.Debug|x64.ActiveCfg = Debug|x64
		{731C4B3D-CC6C-4494-80CD-F7D221D5A520}.Debug|x64.Build.0 = Debug|x64
		{731C4B3D-CC6C-4494-80CD-F7D221D5A520}.Debug|x86.ActiveCfg = Debug|Win32
		{731C4B3D-CC6C-4494-80CD-F7D221D5A520}.Debug|x86.Build.0 = Debug|Win32
		{731C4B3D-CC6C-4494-80CD-F7D221D5A520}.Release|x64.ActiveCfg = Release|x64
		{731C4B3D-CC6C-4494-80CD-F7D221D5A520}.Release|x64.Build.0 = Release|x64
		{731C4B3D-CC6C-4494-80CD-F7D221D5A520}.Release|x86.ActiveCfg = Release|Win32
		{731C4B3D-CC6C-4494-80CD-F7D221D5A520}.Release|x86.Build.0 = Release|Win32
		{62BDEAF7-30EB-4B0C-9A18-DC75440389F8}.Debug|x64.ActiveCfg = Debug|x64
		{62BDEAF7-30EB-4B0C-9A18-DC75440389F8}.Debug|x64.Build.0 = Debug|x64
		{62BDEAF7-30EB-4B0C-9A18-DC75440389F8}.Debug|x86.ActiveCfg = Debug|Win32
		{62BDEAF7-30EB-4B0C-9A18-DC75440389F8}.Debug|x86.Build.0 = Debug|Win32
		{62BDEAF7-30EB-4B0C-9A18-DC75440389F8}.Release|x64.ActiveCfg = Release|x64
		{62BDEAF7-30EB-4B0C-9A18-DC75440389F8}.Release|x64.Build.0 = Release|x64
		{62BDEAF7-30EB-4B0C-9A18-DC75440389F8}.Release|x86.ActiveCfg = Release|Win32
		{62BDEAF7-30EB-4B0C-9A18-DC75440389F8}.Release|x86.Build.0 = Release|Win32
		{6C1867C1-B7E2-4B10-BB39-9F3A2B91078C}.Debug|x64.ActiveCfg = Debug|x64
		{6C1867C1-B7E2-4B10-BB39-9F3A2B91078C}.Debug|x64.Build.0 = Debug|x64
		{6C1867C1-B7E2-4B10-BB39-9F3A2B91078C}.Debug|x86.ActiveCfg = Debug|Win32
		{6C1867C1-B7E2-4B10-BB39-9F3A2B91078C}.Debug|x86.Build.0 = Debug|Win32
		{6C1867C1-B7E2-4B10-BB39-9F3A2B91078C}.Release|x64.ActiveCfg = Release|x64
		{6C1867C1-B7E2-4B10-BB39-9F3A2B91078C}.Release|x64.Build.0 = Release|x64
		{6C1867C1-B7E2-4B10-BB39-9F3A2B91078C}.Release|x86.ActiveCfg = Release|Win32
		{6C1867C1-B7E2-4B10-BB39-9F3A2B91078C}.Release|x86.Build.0 = Release|Win32
		{D190C11B-8C7B-46AB-9367-8D77E465C349}.Debug|x64.ActiveCfg = Debug|x64
		{D190C11B-8C7B-46AB-9367-8D77E465C349}.Debug|x64.Build.0 = Debug|x64
		{D190C11B-8C7B-46AB-9367-8D77E465C349}.Debug|x86.ActiveCfg = Debug|Win32
		{D190C11B-8C7B-46AB-9367-8D77E465C349}.Debug|x86.Build.0 = Debug|Win32
		{D190C11B-8C7B-46AB-9367-8D77E465C349}.Release|x64.ActiveCfg = Release|x64
		{D190C11B-8C7B-46AB-9367-8D77E465C349}.Release|x64.Build.0 = Release|x64
		{D190C11B-8C7B-46AB-9367-8D77E465C349}.Release|x86.ActiveCfg = Release|Win32
		{D190C11B-8C7B-46AB-9367-8D77E465C349}.Release|x86.Build.0 = Release|Win32
		{DD1BB261-D9A9-426F-B61D-0D4507435EBB}.Debug|x64.ActiveCfg = Debug|x64
		{DD1BB261-D9A9-426F-B61D-0D4507435EBB}.Debug|x64.Build.0 = Debug|x64
		{DD1BB261-D9A9-426F-B61D-0D4507435EBB}.Debug|x86.ActiveCfg = Debug|Win32
		{DD1BB261-D9A9-426F-B61D-0D4507435EBB}.Debug|x86.Build.0 = Debug|Win32
		{DD1BB261-D9A9-426F-B61D-0D4507435EBB}.Release|x64.ActiveCfg = Release|x64
		{DD1BB261-D9A9-426F-B61D-0D4507435EBB}.Release|x64.Build.0 = Release|x64
		{DD1BB261-D9A9-426F-B61D-0D4507435EBB}.Release|x86.ActiveCfg = Release|Win32
		{DD1BB261-D9A9-426F-B61D-0D4507435EBB}.Release|x86.Build.0 = Release|Win32
		{6373C2BB-142C-45EF-A4AA-41CCED9F38D0}.Debug|x64.ActiveCfg = Debug|x64
		{6373C2BB-142C-45EF-A4AA-41CCED9F38D0}.Debug|x64.Build.0 = Debug|x64
		{6373C2BB-142C-45EF-A4AA-41CCED9F38D0}.Debug|x86.ActiveCfg = Debug|Win32
		{6373C2BB-142C-45EF-A4AA-41CCED9F38D0}.Debug|x86.Build.0 = Debug|Win32
		{6373C2BB-142C-45EF-A4AA-41CCED9F38D0}.Release|x64.ActiveCfg = Release|x64
		{6373C2BB-142C-45EF-A4AA-41CCED9F38D0}.Release|x64.Build.0 = Release|x64
		{6373C2BB-142C-45EF-A4AA-41CCED9F38D0}.Release|x86.ActiveCfg = Release|Win32
		{6373C2BB-142C-45EF-A4AA-41CCED9F38D0}.Release|x86.Build.0 = Release|Win32
		{C9AC49FF-4865-4720-B6EE-A674C54ECB43}.Debug|x64.ActiveCfg = Debug|x64
		{C9AC49FF-4865-4720-B6EE-A674C54ECB43}.Debug|x64.Build.0 = Debug|x64
		{C9AC49FF-4865-4720-B6EE-A674C54ECB43}.Debug|x86.ActiveCfg = Debug|Win32
		{C9AC49FF-4865-4720-B6EE-A674C54ECB43}.Debug|x86.Build.0 = Debug|Win32
		{C9AC49FF-4865-4720-B6EE-A674C54ECB43}.Release|x64.ActiveCfg = Release|x64
		{C9AC49FF-4865-4720-B6EE-A674C54ECB43}.Release|x64.Build.0 = Release|x64
		{C9AC49FF-4865-4720-B6EE-A674C54ECB43}.Release|x86.ActiveCfg = Release|Win32
		{C9AC49FF-4865-4720-B6EE-A674C54ECB43}.Release|x86.Build.0 = Release|Win32
	EndGlobalSection
	GlobalSection(SolutionProperties) = preSolution
		HideSolutionNode = FALSE
	EndGlobalSection
	GlobalSection(ExtensibilityGlobals) = postSolution
		SolutionGuid = {235BA0EA-FA79-4D4A-B74D-C162EA996E88}
	EndGlobalSection
EndGlobal
